// !$*UTF8*$!
{
	archiveVersion = 1;
	classes = {
	};
	objectVersion = 48;
	objects = {

/* Begin PBXBuildFile section */
		4A5779531FDBA5AF0006C49B /* CurrentWeather.swift in Sources */ = {isa = PBXBuildFile; fileRef = 4A5779521FDBA5AF0006C49B /* CurrentWeather.swift */; };
		4A5779551FDBA7510006C49B /* WeatherIcon.swift in Sources */ = {isa = PBXBuildFile; fileRef = 4A5779541FDBA7510006C49B /* WeatherIcon.swift */; };
		4A5779581FDBACB30006C49B /* CurrentWeatherViewModel.swift in Sources */ = {isa = PBXBuildFile; fileRef = 4A5779571FDBACB30006C49B /* CurrentWeatherViewModel.swift */; };
		4AF695CD1FDB9DBD00FCFE23 /* AppDelegate.swift in Sources */ = {isa = PBXBuildFile; fileRef = 4AF695CC1FDB9DBD00FCFE23 /* AppDelegate.swift */; };
		4AF695CF1FDB9DBD00FCFE23 /* ViewController.swift in Sources */ = {isa = PBXBuildFile; fileRef = 4AF695CE1FDB9DBD00FCFE23 /* ViewController.swift */; };
		4AF695D21FDB9DBD00FCFE23 /* Main.storyboard in Resources */ = {isa = PBXBuildFile; fileRef = 4AF695D01FDB9DBD00FCFE23 /* Main.storyboard */; };
		4AF695D41FDB9DBD00FCFE23 /* Assets.xcassets in Resources */ = {isa = PBXBuildFile; fileRef = 4AF695D31FDB9DBD00FCFE23 /* Assets.xcassets */; };
		4AF695D71FDB9DBD00FCFE23 /* LaunchScreen.storyboard in Resources */ = {isa = PBXBuildFile; fileRef = 4AF695D51FDB9DBD00FCFE23 /* LaunchScreen.storyboard */; };
/* End PBXBuildFile section */

/* Begin PBXFileReference section */
		4A5779521FDBA5AF0006C49B /* CurrentWeather.swift */ = {isa = PBXFileReference; lastKnownFileType = sourcecode.swift; path = CurrentWeather.swift; sourceTree = "<group>"; };
		4A5779541FDBA7510006C49B /* WeatherIcon.swift */ = {isa = PBXFileReference; lastKnownFileType = sourcecode.swift; path = WeatherIcon.swift; sourceTree = "<group>"; };
		4A5779571FDBACB30006C49B /* CurrentWeatherViewModel.swift */ = {isa = PBXFileReference; lastKnownFileType = sourcecode.swift; path = CurrentWeatherViewModel.swift; sourceTree = "<group>"; };
		4AF695C91FDB9DBD00FCFE23 /* Stormy.app */ = {isa = PBXFileReference; explicitFileType = wrapper.application; includeInIndex = 0; path = Stormy.app; sourceTree = BUILT_PRODUCTS_DIR; };
		4AF695CC1FDB9DBD00FCFE23 /* AppDelegate.swift */ = {isa = PBXFileReference; lastKnownFileType = sourcecode.swift; path = AppDelegate.swift; sourceTree = "<group>"; };
		4AF695CE1FDB9DBD00FCFE23 /* ViewController.swift */ = {isa = PBXFileReference; lastKnownFileType = sourcecode.swift; path = ViewController.swift; sourceTree = "<group>"; };
		4AF695D11FDB9DBD00FCFE23 /* Base */ = {isa = PBXFileReference; lastKnownFileType = file.storyboard; name = Base; path = Base.lproj/Main.storyboard; sourceTree = "<group>"; };
		4AF695D31FDB9DBD00FCFE23 /* Assets.xcassets */ = {isa = PBXFileReference; lastKnownFileType = folder.assetcatalog; path = Assets.xcassets; sourceTree = "<group>"; };
		4AF695D61FDB9DBD00FCFE23 /* Base */ = {isa = PBXFileReference; lastKnownFileType = file.storyboard; name = Base; path = Base.lproj/LaunchScreen.storyboard; sourceTree = "<group>"; };
		4AF695D81FDB9DBD00FCFE23 /* Info.plist */ = {isa = PBXFileReference; lastKnownFileType = text.plist.xml; path = Info.plist; sourceTree = "<group>"; };
/* End PBXFileReference section */

/* Begin PBXFrameworksBuildPhase section */
		4AF695C61FDB9DBD00FCFE23 /* Frameworks */ = {
			isa = PBXFrameworksBuildPhase;
			buildActionMask = 2147483647;
			files = (
			);
			runOnlyForDeploymentPostprocessing = 0;
		};
/* End PBXFrameworksBuildPhase section */

/* Begin PBXGroup section */
		4A5779511FDBA59A0006C49B /* Model */ = {
			isa = PBXGroup;
			children = (
				4A5779561FDBACA00006C49B /* CurrentWeather */,
				4A5779541FDBA7510006C49B /* WeatherIcon.swift */,
			);
			path = Model;
			sourceTree = "<group>";
		};
		4A5779561FDBACA00006C49B /* CurrentWeather */ = {
			isa = PBXGroup;
			children = (
				4A5779521FDBA5AF0006C49B /* CurrentWeather.swift */,
				4A5779571FDBACB30006C49B /* CurrentWeatherViewModel.swift */,
			);
			path = CurrentWeather;
			sourceTree = "<group>";
		};
		4AF695C01FDB9DBD00FCFE23 = {
			isa = PBXGroup;
			children = (
				4AF695CB1FDB9DBD00FCFE23 /* Stormy */,
				4AF695CA1FDB9DBD00FCFE23 /* Products */,
			);
			sourceTree = "<group>";
		};
		4AF695CA1FDB9DBD00FCFE23 /* Products */ = {
			isa = PBXGroup;
			children = (
				4AF695C91FDB9DBD00FCFE23 /* Stormy.app */,
			);
			name = Products;
			sourceTree = "<group>";
		};
		4AF695CB1FDB9DBD00FCFE23 /* Stormy */ = {
			isa = PBXGroup;
			children = (
				4A5779511FDBA59A0006C49B /* Model */,
				4AF695CC1FDB9DBD00FCFE23 /* AppDelegate.swift */,
				4AF695CE1FDB9DBD00FCFE23 /* ViewController.swift */,
				4AF695D01FDB9DBD00FCFE23 /* Main.storyboard */,
				4AF695D31FDB9DBD00FCFE23 /* Assets.xcassets */,
				4AF695D51FDB9DBD00FCFE23 /* LaunchScreen.storyboard */,
				4AF695D81FDB9DBD00FCFE23 /* Info.plist */,
			);
			path = Stormy;
			sourceTree = "<group>";
		};
/* End PBXGroup section */

/* Begin PBXNativeTarget section */
		4AF695C81FDB9DBD00FCFE23 /* Stormy */ = {
			isa = PBXNativeTarget;
			buildConfigurationList = 4AF695DB1FDB9DBD00FCFE23 /* Build configuration list for PBXNativeTarget "Stormy" */;
			buildPhases = (
				4AF695C51FDB9DBD00FCFE23 /* Sources */,
				4AF695C61FDB9DBD00FCFE23 /* Frameworks */,
				4AF695C71FDB9DBD00FCFE23 /* Resources */,
			);
			buildRules = (
			);
			dependencies = (
			);
			name = Stormy;
			productName = Stormy;
			productReference = 4AF695C91FDB9DBD00FCFE23 /* Stormy.app */;
			productType = "com.apple.product-type.application";
		};
/* End PBXNativeTarget section */

/* Begin PBXProject section */
		4AF695C11FDB9DBD00FCFE23 /* Project object */ = {
			isa = PBXProject;
			attributes = {
				LastSwiftUpdateCheck = 0920;
				LastUpgradeCheck = 0920;
				ORGANIZATIONNAME = "Mohammed Al-Dahleh";
				TargetAttributes = {
					4AF695C81FDB9DBD00FCFE23 = {
						CreatedOnToolsVersion = 9.2;
						ProvisioningStyle = Automatic;
					};
				};
			};
			buildConfigurationList = 4AF695C41FDB9DBD00FCFE23 /* Build configuration list for PBXProject "Stormy" */;
			compatibilityVersion = "Xcode 8.0";
			developmentRegion = en;
			hasScannedForEncodings = 0;
			knownRegions = (
				en,
				Base,
			);
			mainGroup = 4AF695C01FDB9DBD00FCFE23;
			productRefGroup = 4AF695CA1FDB9DBD00FCFE23 /* Products */;
			projectDirPath = "";
			projectRoot = "";
			targets = (
				4AF695C81FDB9DBD00FCFE23 /* Stormy */,
			);
		};
/* End PBXProject section */

/* Begin PBXResourcesBuildPhase section */
		4AF695C71FDB9DBD00FCFE23 /* Resources */ = {
			isa = PBXResourcesBuildPhase;
			buildActionMask = 2147483647;
			files = (
				4AF695D71FDB9DBD00FCFE23 /* LaunchScreen.storyboard in Resources */,
				4AF695D41FDB9DBD00FCFE23 /* Assets.xcassets in Resources */,
				4AF695D21FDB9DBD00FCFE23 /* Main.storyboard in Resources */,
			);
			runOnlyForDeploymentPostprocessing = 0;
		};
/* End PBXResourcesBuildPhase section */

/* Begin PBXSourcesBuildPhase section */
		4AF695C51FDB9DBD00FCFE23 /* Sources */ = {
			isa = PBXSourcesBuildPhase;
			buildActionMask = 2147483647;
			files = (
				4AF695CF1FDB9DBD00FCFE23 /* ViewController.swift in Sources */,
				4A5779551FDBA7510006C49B /* WeatherIcon.swift in Sources */,
				4A5779581FDBACB30006C49B /* CurrentWeatherViewModel.swift in Sources */,
				4A5779531FDBA5AF0006C49B /* CurrentWeather.swift in Sources */,
				4AF695CD1FDB9DBD00FCFE23 /* AppDelegate.swift in Sources */,
			);
			runOnlyForDeploymentPostprocessing = 0;
		};
/* End PBXSourcesBuildPhase section */

/* Begin PBXVariantGroup section */
		4AF695D01FDB9DBD00FCFE23 /* Main.storyboard */ = {
			isa = PBXVariantGroup;
			children = (
				4AF695D11FDB9DBD00FCFE23 /* Base */,
			);
			name = Main.storyboard;
			sourceTree = "<group>";
		};
		4AF695D51FDB9DBD00FCFE23 /* LaunchScreen.storyboard */ = {
			isa = PBXVariantGroup;
			children = (
				4AF695D61FDB9DBD00FCFE23 /* Base */,
			);
			name = LaunchScreen.storyboard;
			sourceTree = "<group>";
		};
/* End PBXVariantGroup section */

/* Begin XCBuildConfiguration section */
		4AF695D91FDB9DBD00FCFE23 /* Debug */ = {
			isa = XCBuildConfiguration;
			buildSettings = {
				ALWAYS_SEARCH_USER_PATHS = NO;
				CLANG_ANALYZER_NONNULL = YES;
				CLANG_ANALYZER_NUMBER_OBJECT_CONVERSION = YES_AGGRESSIVE;
				CLANG_CXX_LANGUAGE_STANDARD = "gnu++14";
				CLANG_CXX_LIBRARY = "libc++";
				CLANG_ENABLE_MODULES = YES;
				CLANG_ENABLE_OBJC_ARC = YES;
				CLANG_WARN_BLOCK_CAPTURE_AUTORELEASING = YES;
				CLANG_WARN_BOOL_CONVERSION = YES;
				CLANG_WARN_COMMA = YES;
				CLANG_WARN_CONSTANT_CONVERSION = YES;
				CLANG_WARN_DIRECT_OBJC_ISA_USAGE = YES_ERROR;
				CLANG_WARN_DOCUMENTATION_COMMENTS = YES;
				CLANG_WARN_EMPTY_BODY = YES;
				CLANG_WARN_ENUM_CONVERSION = YES;
				CLANG_WARN_INFINITE_RECURSION = YES;
				CLANG_WARN_INT_CONVERSION = YES;
				CLANG_WARN_NON_LITERAL_NULL_CONVERSION = YES;
				CLANG_WARN_OBJC_LITERAL_CONVERSION = YES;
				CLANG_WARN_OBJC_ROOT_CLASS = YES_ERROR;
				CLANG_WARN_RANGE_LOOP_ANALYSIS = YES;
				CLANG_WARN_STRICT_PROTOTYPES = YES;
				CLANG_WARN_SUSPICIOUS_MOVE = YES;
				CLANG_WARN_UNGUARDED_AVAILABILITY = YES_AGGRESSIVE;
				CLANG_WARN_UNREACHABLE_CODE = YES;
				CLANG_WARN__DUPLICATE_METHOD_MATCH = YES;
				CODE_SIGN_IDENTITY = "iPhone Developer";
				COPY_PHASE_STRIP = NO;
				DEBUG_INFORMATION_FORMAT = dwarf;
				ENABLE_STRICT_OBJC_MSGSEND = YES;
				ENABLE_TESTABILITY = YES;
				GCC_C_LANGUAGE_STANDARD = gnu11;
				GCC_DYNAMIC_NO_PIC = NO;
				GCC_NO_COMMON_BLOCKS = YES;
				GCC_OPTIMIZATION_LEVEL = 0;
				GCC_PREPROCESSOR_DEFINITIONS = (
					"DEBUG=1",
					"$(inherited)",
				);
				GCC_WARN_64_TO_32_BIT_CONVERSION = YES;
				GCC_WARN_ABOUT_RETURN_TYPE = YES_ERROR;
				GCC_WARN_UNDECLARED_SELECTOR = YES;
				GCC_WARN_UNINITIALIZED_AUTOS = YES_AGGRESSIVE;
				GCC_WARN_UNUSED_FUNCTION = YES;
				GCC_WARN_UNUSED_VARIABLE = YES;
				IPHONEOS_DEPLOYMENT_TARGET = 11.2;
				MTL_ENABLE_DEBUG_INFO = YES;
				ONLY_ACTIVE_ARCH = YES;
				SDKROOT = iphoneos;
				SWIFT_ACTIVE_COMPILATION_CONDITIONS = DEBUG;
				SWIFT_OPTIMIZATION_LEVEL = "-Onone";
			};
			name = Debug;
		};
		4AF695DA1FDB9DBD00FCFE23 /* Release */ = {
			isa = XCBuildConfiguration;
			buildSettings = {
				ALWAYS_SEARCH_USER_PATHS = NO;
				CLANG_ANALYZER_NONNULL = YES;
				CLANG_ANALYZER_NUMBER_OBJECT_CONVERSION = YES_AGGRESSIVE;
				CLANG_CXX_LANGUAGE_STANDARD = "gnu++14";
				CLANG_CXX_LIBRARY = "libc++";
				CLANG_ENABLE_MODULES = YES;
				CLANG_ENABLE_OBJC_ARC = YES;
				CLANG_WARN_BLOCK_CAPTURE_AUTORELEASING = YES;
				CLANG_WARN_BOOL_CONVERSION = YES;
				CLANG_WARN_COMMA = YES;
				CLANG_WARN_CONSTANT_CONVERSION = YES;
				CLANG_WARN_DIRECT_OBJC_ISA_USAGE = YES_ERROR;
				CLANG_WARN_DOCUMENTATION_COMMENTS = YES;
				CLANG_WARN_EMPTY_BODY = YES;
				CLANG_WARN_ENUM_CONVERSION = YES;
				CLANG_WARN_INFINITE_RECURSION = YES;
				CLANG_WARN_INT_CONVERSION = YES;
				CLANG_WARN_NON_LITERAL_NULL_CONVERSION = YES;
				CLANG_WARN_OBJC_LITERAL_CONVERSION = YES;
				CLANG_WARN_OBJC_ROOT_CLASS = YES_ERROR;
				CLANG_WARN_RANGE_LOOP_ANALYSIS = YES;
				CLANG_WARN_STRICT_PROTOTYPES = YES;
				CLANG_WARN_SUSPICIOUS_MOVE = YES;
				CLANG_WARN_UNGUARDED_AVAILABILITY = YES_AGGRESSIVE;
				CLANG_WARN_UNREACHABLE_CODE = YES;
				CLANG_WARN__DUPLICATE_METHOD_MATCH = YES;
				CODE_SIGN_IDENTITY = "iPhone Developer";
				COPY_PHASE_STRIP = NO;
				DEBUG_INFORMATION_FORMAT = "dwarf-with-dsym";
				ENABLE_NS_ASSERTIONS = NO;
				ENABLE_STRICT_OBJC_MSGSEND = YES;
				GCC_C_LANGUAGE_STANDARD = gnu11;
				GCC_NO_COMMON_BLOCKS = YES;
				GCC_WARN_64_TO_32_BIT_CONVERSION = YES;
				GCC_WARN_ABOUT_RETURN_TYPE = YES_ERROR;
				GCC_WARN_UNDECLARED_SELECTOR = YES;
				GCC_WARN_UNINITIALIZED_AUTOS = YES_AGGRESSIVE;
				GCC_WARN_UNUSED_FUNCTION = YES;
				GCC_WARN_UNUSED_VARIABLE = YES;
				IPHONEOS_DEPLOYMENT_TARGET = 11.2;
				MTL_ENABLE_DEBUG_INFO = NO;
				SDKROOT = iphoneos;
				SWIFT_OPTIMIZATION_LEVEL = "-Owholemodule";
				VALIDATE_PRODUCT = YES;
			};
			name = Release;
		};
		4AF695DC1FDB9DBD00FCFE23 /* Debug */ = {
			isa = XCBuildConfiguration;
			buildSettings = {
				ASSETCATALOG_COMPILER_APPICON_NAME = AppIcon;
				CODE_SIGN_STYLE = Automatic;
				DEVELOPMENT_TEAM = BK6SYNX968;
				INFOPLIST_FILE = Stormy/Info.plist;
				LD_RUNPATH_SEARCH_PATHS = "$(inherited) @executable_path/Frameworks";
				PRODUCT_BUNDLE_IDENTIFIER = io.maldahleh.Stormy;
				PRODUCT_NAME = "$(TARGET_NAME)";
				SWIFT_VERSION = 4.0;
				TARGETED_DEVICE_FAMILY = "1,2";
			};
			name = Debug;
		};
		4AF695DD1FDB9DBD00FCFE23 /* Release */ = {
			isa = XCBuildConfiguration;
			buildSettings = {
				ASSETCATALOG_COMPILER_APPICON_NAME = AppIcon;
				CODE_SIGN_STYLE = Automatic;
				DEVELOPMENT_TEAM = BK6SYNX968;
				INFOPLIST_FILE = Stormy/Info.plist;
				LD_RUNPATH_SEARCH_PATHS = "$(inherited) @executable_path/Frameworks";
				PRODUCT_BUNDLE_IDENTIFIER = io.maldahleh.Stormy;
				PRODUCT_NAME = "$(TARGET_NAME)";
				SWIFT_VERSION = 4.0;
				TARGETED_DEVICE_FAMILY = "1,2";
			};
			name = Release;
		};
/* End XCBuildConfiguration section */

/* Begin XCConfigurationList section */
		4AF695C41FDB9DBD00FCFE23 /* Build configuration list for PBXProject "Stormy" */ = {
			isa = XCConfigurationList;
			buildConfigurations = (
				4AF695D91FDB9DBD00FCFE23 /* Debug */,
				4AF695DA1FDB9DBD00FCFE23 /* Release */,
			);
			defaultConfigurationIsVisible = 0;
			defaultConfigurationName = Release;
		};
		4AF695DB1FDB9DBD00FCFE23 /* Build configuration list for PBXNativeTarget "Stormy" */ = {
			isa = XCConfigurationList;
			buildConfigurations = (
				4AF695DC1FDB9DBD00FCFE23 /* Debug */,
				4AF695DD1FDB9DBD00FCFE23 /* Release */,
			);
			defaultConfigurationIsVisible = 0;
			defaultConfigurationName = Release;
		};
/* End XCConfigurationList section */
	};
	rootObject = 4AF695C11FDB9DBD00FCFE23 /* Project object */;
}
